
Microsoft Visual Studio Solution File, Format Version 12.00
# Visual Studio 15
VisualStudioVersion = 15.0.28307.106
MinimumVisualStudioVersion = 10.0.40219.1
Project("{8BC9CEB8-8B4A-11D0-8D11-00A0C91BC942}") = "demo2", "demo2\demo2.vcxproj", "{7F15C71E-A387-47D0-AC8A-545FDDC6DFD8}"
EndProject
Global
	GlobalSection(SolutionConfigurationPlatforms) = preSolution
		Debug|x64 = Debug|x64
		Debug|x86 = Debug|x86
		Release|x64 = Release|x64
		Release|x86 = Release|x86
	EndGlobalSection
	GlobalSection(ProjectConfigurationPlatforms) = postSolution
		{7F15C71E-A387-47D0-AC8A-545FDDC6DFD8}.Debug|x64.ActiveCfg = Debug|x64
		{7F15C71E-A387-47D0-AC8A-545FDDC6DFD8}.Debug|x64.Build.0 = Debug|x64
		{7F15C71E-A387-47D0-AC8A-545FDDC6DFD8}.Debug|x86.ActiveCfg = Debug|Win32
		{7F15C71E-A387-47D0-AC8A-545FDDC6DFD8}.Debug|x86.Build.0 = Debug|Win32
		{7F15C71E-A387-47D0-AC8A-545FDDC6DFD8}.Release|x64.ActiveCfg = Release|x64
		{7F15C71E-A387-47D0-AC8A-545FDDC6DFD8}.Release|x64.Build.0 = Release|x64
		{7F15C71E-A387-47D0-AC8A-545FDDC6DFD8}.Release|x86.ActiveCfg = Release|Win32
		{7F15C71E-A387-47D0-AC8A-545FDDC6DFD8}.Release|x86.Build.0 = Release|Win32
	EndGlobalSection
	GlobalSection(SolutionProperties) = preSolution
		HideSolutionNode = FALSE
	EndGlobalSection
	GlobalSection(ExtensibilityGlobals) = postSolution
		SolutionGuid = {C4931CF9-CA16-4B45-8007-1C755340B610}
	EndGlobalSection
EndGlobal
